
Microsoft Visual Studio Solution File, Format Version 12.00
# Visual Studio 2012
## Licensed to the Apache Software Foundation (ASF) under one
## or more contributor license agreements.  See the NOTICE file
## distributed with this work for additional information
## regarding copyright ownership.  The ASF licenses this file
## to you under the Apache License, Version 2.0 (the
## "License"); you may not use this file except in compliance
## with the License.  You may obtain a copy of the License at
##
##     http://www.apache.org/licenses/LICENSE-2.0
##
## Unless required by applicable law or agreed to in writing,
## software distributed under the License is distributed on an
## "AS IS" BASIS, WITHOUT WARRANTIES OR CONDITIONS OF ANY
## KIND, either express or implied.  See the License for the
## specific language governing permissions and limitations
## under the License.
Project("{D4B43EB3-688B-4EEE-86BD-088F0B28ABB3}") = "HadoopMp", "HadoopMp\HadoopMp.mpproj", "{63B476B6-EFCD-468F-80D9-94E2CFF1B5DB}"
EndProject
Project("{2150E333-8FDC-42A3-9474-1A3956D46DE8}") = "Items", "Items", "{07217F3F-F648-4FF8-B785-5967FACFB38F}"
	ProjectSection(SolutionItems) = preProject
		Items\key.snk = Items\key.snk
	EndProjectSection
EndProject
Project("{2150E333-8FDC-42A3-9474-1A3956D46DE8}") = "Libs", "Libs", "{BF3DF7C0-7A2F-4639-AC4B-F0F3200BED77}"
EndProject
Project("{2150E333-8FDC-42A3-9474-1A3956D46DE8}") = "SCOM2012", "SCOM2012", "{E2576039-8FD4-48A2-A2E8-BD8AF3DBD22C}"
	ProjectSection(SolutionItems) = preProject
		Items\Libs\SCOM2012\Microsoft.EnterpriseManagement.CompositionEngine.dll = Items\Libs\SCOM2012\Microsoft.EnterpriseManagement.CompositionEngine.dll
		Items\Libs\SCOM2012\Microsoft.EnterpriseManagement.CompositionEngine.Extensibility.dll = Items\Libs\SCOM2012\Microsoft.EnterpriseManagement.CompositionEngine.Extensibility.dll
		Items\Libs\SCOM2012\Microsoft.EnterpriseManagement.Core.dll = Items\Libs\SCOM2012\Microsoft.EnterpriseManagement.Core.dll
		Items\Libs\SCOM2012\Microsoft.EnterpriseManagement.HealthService.dll = Items\Libs\SCOM2012\Microsoft.EnterpriseManagement.HealthService.dll
		Items\Libs\SCOM2012\Microsoft.EnterpriseManagement.OperationsManager.dll = Items\Libs\SCOM2012\Microsoft.EnterpriseManagement.OperationsManager.dll
		Items\Libs\SCOM2012\Microsoft.EnterpriseManagement.Presentation.Controls.dll = Items\Libs\SCOM2012\Microsoft.EnterpriseManagement.Presentation.Controls.dll
		Items\Libs\SCOM2012\Microsoft.EnterpriseManagement.Presentation.Core.dll = Items\Libs\SCOM2012\Microsoft.EnterpriseManagement.Presentation.Core.dll
		Items\Libs\SCOM2012\Microsoft.EnterpriseManagement.UI.Authoring.dll = Items\Libs\SCOM2012\Microsoft.EnterpriseManagement.UI.Authoring.dll
		Items\Libs\SCOM2012\Microsoft.EnterpriseManagement.UI.ConsoleFramework.dll = Items\Libs\SCOM2012\Microsoft.EnterpriseManagement.UI.ConsoleFramework.dll
		Items\Libs\SCOM2012\Microsoft.EnterpriseManagement.UI.Extensibility.dll = Items\Libs\SCOM2012\Microsoft.EnterpriseManagement.UI.Extensibility.dll
		Items\Libs\SCOM2012\Microsoft.Mom.Modules.DataTypes.dll = Items\Libs\SCOM2012\Microsoft.Mom.Modules.DataTypes.dll
		Items\Libs\SCOM2012\Microsoft.MOM.UI.Common.dll = Items\Libs\SCOM2012\Microsoft.MOM.UI.Common.dll
		Items\Libs\SCOM2012\Microsoft.Practices.Unity.dll = Items\Libs\SCOM2012\Microsoft.Practices.Unity.dll
		Items\Libs\SCOM2012\System.Windows.Controls.DataVisualization.Toolkit.dll = Items\Libs\SCOM2012\System.Windows.Controls.DataVisualization.Toolkit.dll
	EndProjectSection
EndProject
Project("{FAE04EC0-301F-11D3-BF4B-00C04F79EFBC}") = "ScomPages", "ScomPages\ScomPages.csproj", "{B77E5EA7-3FE4-49C9-88AC-3AB871A26F9B}"
EndProject
Project("{FAE04EC0-301F-11D3-BF4B-00C04F79EFBC}") = "WidgetsWpf", "WidgetsWpf\WidgetsWpf.csproj", "{D4C615D1-9274-41D9-B14E-BC88AE7FCDCE}"
EndProject
Project("{D4B43EB3-688B-4EEE-86BD-088F0B28ABB3}") = "PresentationMp", "PresentationMp\PresentationMp.mpproj", "{8AB1E36E-7FF4-4BAF-9BD0-1491492DFDA0}"
EndProject
Project("{FAE04EC0-301F-11D3-BF4B-00C04F79EFBC}") = "Modules", "Modules\Modules.csproj", "{AEAA0FB0-D274-491A-BEB5-5354584F1400}"
EndProject
Project("{2150E333-8FDC-42A3-9474-1A3956D46DE8}") = "Packs", "Packs", "{413F4F6B-2864-4EA9-A2FC-FE7F7DEBE695}"
	ProjectSection(SolutionItems) = preProject
		Items\Packs\Microsoft.SystemCenter.Visualization.Library.mpb = Items\Packs\Microsoft.SystemCenter.Visualization.Library.mpb
	EndProjectSection
EndProject
Project("{FAE04EC0-301F-11D3-BF4B-00C04F79EFBC}") = "WidgetsSilverlight", "WidgetsSilverlight\WidgetsSilverlight.csproj", "{729E6DB2-31F7-4EB1-9146-A2F2263585EE}"
EndProject
Project("{2150E333-8FDC-42A3-9474-1A3956D46DE8}") = "SCOM2012_Web", "SCOM2012_Web", "{13CBF7E2-FA6A-465C-ACFE-881AECABC145}"
	ProjectSection(SolutionItems) = preProject
		Items\Libs\SCOM2012_Web\Microsoft.EnterpriseManagement.CompositionEngine.dll = Items\Libs\SCOM2012_Web\Microsoft.EnterpriseManagement.CompositionEngine.dll
		Items\Libs\SCOM2012_Web\Microsoft.EnterpriseManagement.CompositionEngine.Extensibility.dll = Items\Libs\SCOM2012_Web\Microsoft.EnterpriseManagement.CompositionEngine.Extensibility.dll
		Items\Libs\SCOM2012_Web\Microsoft.EnterpriseManagement.Presentation.Controls.dll = Items\Libs\SCOM2012_Web\Microsoft.EnterpriseManagement.Presentation.Controls.dll
		Items\Libs\SCOM2012_Web\Microsoft.EnterpriseManagement.Presentation.Core.dll = Items\Libs\SCOM2012_Web\Microsoft.EnterpriseManagement.Presentation.Core.dll
		Items\Libs\SCOM2012_Web\Microsoft.Practices.Unity.Silverlight.dll = Items\Libs\SCOM2012_Web\Microsoft.Practices.Unity.Silverlight.dll
		Items\Libs\SCOM2012_Web\System.Windows.Controls.DataVisualization.Toolkit.dll = Items\Libs\SCOM2012_Web\System.Windows.Controls.DataVisualization.Toolkit.dll
	EndProjectSection
EndProject
Project("{D4B43EB3-688B-4EEE-86BD-088F0B28ABB3}") = "ManagementMp", "ManagementMp\ManagementMp.mpproj", "{1BAB40E2-B43F-469A-8583-CC196A792A38}"
EndProject
Global
	GlobalSection(TeamFoundationVersionControl) = preSolution
		SccNumberOfProjects = 8
		SccEnterpriseProvider = {4CA58AB2-18FA-4F8D-95D4-32DDF27D184C}
		SccTeamFoundationServer = http://tfs.viacode.com:8080/tfs/llc
		SccLocalPath0 = .
		SccProjectUniqueName1 = HadoopMp\\HadoopMp.mpproj
		SccProjectName1 = HadoopMp
		SccLocalPath1 = HadoopMp
		SccProjectUniqueName2 = ManagementMp\\ManagementMp.mpproj
		SccProjectName2 = ManagementMp
		SccLocalPath2 = ManagementMp
		SccProjectUniqueName3 = Modules\\Modules.csproj
		SccProjectName3 = Modules
		SccLocalPath3 = Modules
		SccProjectUniqueName4 = PresentationMp\\PresentationMp.mpproj
		SccProjectName4 = PresentationMp
		SccLocalPath4 = PresentationMp
		SccProjectUniqueName5 = ScomPages\\ScomPages.csproj
		SccProjectName5 = ScomPages
		SccLocalPath5 = ScomPages
		SccProjectUniqueName6 = WidgetsSilverlight\\WidgetsSilverlight.csproj
		SccProjectName6 = WidgetsSilverlight
		SccLocalPath6 = WidgetsSilverlight
		SccProjectUniqueName7 = WidgetsWpf\\WidgetsWpf.csproj
		SccProjectName7 = WidgetsWpf
		SccLocalPath7 = WidgetsWpf
	EndGlobalSection
	GlobalSection(SolutionConfigurationPlatforms) = preSolution
		Debug|Any CPU = Debug|Any CPU
		Debug|x86 = Debug|x86
		Release|Any CPU = Release|Any CPU
		Release|x86 = Release|x86
	EndGlobalSection
	GlobalSection(ProjectConfigurationPlatforms) = postSolution
		{63B476B6-EFCD-468F-80D9-94E2CFF1B5DB}.Debug|Any CPU.ActiveCfg = Debug|x86
		{63B476B6-EFCD-468F-80D9-94E2CFF1B5DB}.Debug|Any CPU.Build.0 = Debug|x86
		{63B476B6-EFCD-468F-80D9-94E2CFF1B5DB}.Debug|x86.ActiveCfg = Debug|x86
		{63B476B6-EFCD-468F-80D9-94E2CFF1B5DB}.Debug|x86.Build.0 = Debug|x86
		{63B476B6-EFCD-468F-80D9-94E2CFF1B5DB}.Release|Any CPU.ActiveCfg = Release|x86
		{63B476B6-EFCD-468F-80D9-94E2CFF1B5DB}.Release|x86.ActiveCfg = Release|x86
		{63B476B6-EFCD-468F-80D9-94E2CFF1B5DB}.Release|x86.Build.0 = Release|x86
		{B77E5EA7-3FE4-49C9-88AC-3AB871A26F9B}.Debug|Any CPU.ActiveCfg = Debug|Any CPU
		{B77E5EA7-3FE4-49C9-88AC-3AB871A26F9B}.Debug|Any CPU.Build.0 = Debug|Any CPU
		{B77E5EA7-3FE4-49C9-88AC-3AB871A26F9B}.Debug|x86.ActiveCfg = Debug|Any CPU
		{B77E5EA7-3FE4-49C9-88AC-3AB871A26F9B}.Release|Any CPU.ActiveCfg = Release|Any CPU
		{B77E5EA7-3FE4-49C9-88AC-3AB871A26F9B}.Release|Any CPU.Build.0 = Release|Any CPU
		{B77E5EA7-3FE4-49C9-88AC-3AB871A26F9B}.Release|x86.ActiveCfg = Release|Any CPU
		{B77E5EA7-3FE4-49C9-88AC-3AB871A26F9B}.Release|x86.Build.0 = Release|Any CPU
		{D4C615D1-9274-41D9-B14E-BC88AE7FCDCE}.Debug|Any CPU.ActiveCfg = Debug|Any CPU
		{D4C615D1-9274-41D9-B14E-BC88AE7FCDCE}.Debug|Any CPU.Build.0 = Debug|Any CPU
		{D4C615D1-9274-41D9-B14E-BC88AE7FCDCE}.Debug|x86.ActiveCfg = Debug|Any CPU
		{D4C615D1-9274-41D9-B14E-BC88AE7FCDCE}.Release|Any CPU.ActiveCfg = Release|Any CPU
		{D4C615D1-9274-41D9-B14E-BC88AE7FCDCE}.Release|Any CPU.Build.0 = Release|Any CPU
		{D4C615D1-9274-41D9-B14E-BC88AE7FCDCE}.Release|x86.ActiveCfg = Release|Any CPU
		{D4C615D1-9274-41D9-B14E-BC88AE7FCDCE}.Release|x86.Build.0 = Release|Any CPU
		{8AB1E36E-7FF4-4BAF-9BD0-1491492DFDA0}.Debug|Any CPU.ActiveCfg = Debug|x86
		{8AB1E36E-7FF4-4BAF-9BD0-1491492DFDA0}.Debug|Any CPU.Build.0 = Debug|x86
		{8AB1E36E-7FF4-4BAF-9BD0-1491492DFDA0}.Debug|x86.ActiveCfg = Debug|x86
		{8AB1E36E-7FF4-4BAF-9BD0-1491492DFDA0}.Debug|x86.Build.0 = Debug|x86
		{8AB1E36E-7FF4-4BAF-9BD0-1491492DFDA0}.Release|Any CPU.ActiveCfg = Release|x86
		{8AB1E36E-7FF4-4BAF-9BD0-1491492DFDA0}.Release|x86.ActiveCfg = Release|x86
		{8AB1E36E-7FF4-4BAF-9BD0-1491492DFDA0}.Release|x86.Build.0 = Release|x86
		{AEAA0FB0-D274-491A-BEB5-5354584F1400}.Debug|Any CPU.ActiveCfg = Debug|Any CPU
		{AEAA0FB0-D274-491A-BEB5-5354584F1400}.Debug|Any CPU.Build.0 = Debug|Any CPU
		{AEAA0FB0-D274-491A-BEB5-5354584F1400}.Debug|x86.ActiveCfg = Debug|Any CPU
		{AEAA0FB0-D274-491A-BEB5-5354584F1400}.Release|Any CPU.ActiveCfg = Release|Any CPU
		{AEAA0FB0-D274-491A-BEB5-5354584F1400}.Release|Any CPU.Build.0 = Release|Any CPU
		{AEAA0FB0-D274-491A-BEB5-5354584F1400}.Release|x86.ActiveCfg = Release|Any CPU
		{AEAA0FB0-D274-491A-BEB5-5354584F1400}.Release|x86.Build.0 = Release|Any CPU
		{729E6DB2-31F7-4EB1-9146-A2F2263585EE}.Debug|Any CPU.ActiveCfg = Debug|Any CPU
		{729E6DB2-31F7-4EB1-9146-A2F2263585EE}.Debug|Any CPU.Build.0 = Debug|Any CPU
		{729E6DB2-31F7-4EB1-9146-A2F2263585EE}.Debug|x86.ActiveCfg = Debug|Any CPU
		{729E6DB2-31F7-4EB1-9146-A2F2263585EE}.Release|Any CPU.ActiveCfg = Release|Any CPU
		{729E6DB2-31F7-4EB1-9146-A2F2263585EE}.Release|Any CPU.Build.0 = Release|Any CPU
		{729E6DB2-31F7-4EB1-9146-A2F2263585EE}.Release|x86.ActiveCfg = Release|Any CPU
		{729E6DB2-31F7-4EB1-9146-A2F2263585EE}.Release|x86.Build.0 = Release|Any CPU
		{1BAB40E2-B43F-469A-8583-CC196A792A38}.Debug|Any CPU.ActiveCfg = Debug|x86
		{1BAB40E2-B43F-469A-8583-CC196A792A38}.Debug|Any CPU.Build.0 = Debug|x86
		{1BAB40E2-B43F-469A-8583-CC196A792A38}.Debug|x86.ActiveCfg = Debug|x86
		{1BAB40E2-B43F-469A-8583-CC196A792A38}.Debug|x86.Build.0 = Debug|x86
		{1BAB40E2-B43F-469A-8583-CC196A792A38}.Release|Any CPU.ActiveCfg = Release|x86
		{1BAB40E2-B43F-469A-8583-CC196A792A38}.Release|x86.ActiveCfg = Release|x86
		{1BAB40E2-B43F-469A-8583-CC196A792A38}.Release|x86.Build.0 = Release|x86
	EndGlobalSection
	GlobalSection(SolutionProperties) = preSolution
		HideSolutionNode = FALSE
	EndGlobalSection
	GlobalSection(NestedProjects) = preSolution
		{BF3DF7C0-7A2F-4639-AC4B-F0F3200BED77} = {07217F3F-F648-4FF8-B785-5967FACFB38F}
		{413F4F6B-2864-4EA9-A2FC-FE7F7DEBE695} = {07217F3F-F648-4FF8-B785-5967FACFB38F}
		{E2576039-8FD4-48A2-A2E8-BD8AF3DBD22C} = {BF3DF7C0-7A2F-4639-AC4B-F0F3200BED77}
		{13CBF7E2-FA6A-465C-ACFE-881AECABC145} = {BF3DF7C0-7A2F-4639-AC4B-F0F3200BED77}
	EndGlobalSection
EndGlobal
