Microsoft Visual Studio Solution File, Format Version 11.00
# Visual Studio 2010
## Licensed to the Apache Software Foundation (ASF) under one
## or more contributor license agreements.  See the NOTICE file
## distributed with this work for additional information
## regarding copyright ownership.  The ASF licenses this file
## to you under the Apache License, Version 2.0 (the
## "License"); you may not use this file except in compliance
## with the License.  You may obtain a copy of the License at
##
##     http://www.apache.org/licenses/LICENSE-2.0
##
## Unless required by applicable law or agreed to in writing,
## software distributed under the License is distributed on an
## "AS IS" BASIS, WITHOUT WARRANTIES OR CONDITIONS OF ANY
## KIND, either express or implied.  See the License for the
## specific language governing permissions and limitations
## under the License.
Project("{930C7802-8A8C-48F9-8165-68863BCCD9DD}") = "Installer", "Installer.wixproj", "{272A57D1-AB53-4E49-8315-418B4B1230A5}"
EndProject
Global
	GlobalSection(SolutionConfigurationPlatforms) = preSolution
		Debug|x86 = Debug|x86
		Release|x86 = Release|x86
	EndGlobalSection
	GlobalSection(ProjectConfigurationPlatforms) = postSolution
		{272A57D1-AB53-4E49-8315-418B4B1230A5}.Debug|x86.ActiveCfg = Debug|x86
		{272A57D1-AB53-4E49-8315-418B4B1230A5}.Debug|x86.Build.0 = Debug|x86
		{272A57D1-AB53-4E49-8315-418B4B1230A5}.Release|x86.ActiveCfg = Release|x86
		{272A57D1-AB53-4E49-8315-418B4B1230A5}.Release|x86.Build.0 = Release|x86
	EndGlobalSection
	GlobalSection(SolutionProperties) = preSolution
		HideSolutionNode = FALSE
	EndGlobalSection
EndGlobal
